
Microsoft Visual Studio Solution File, Format Version 12.00
# Visual Studio 2017
Project("{FAE04EC0-301F-11D3-BF4B-00C04F79EFBC}") = "PrePro part1", "PrePro part1.csproj", "{ED537C95-575C-7F61-56EE-0D10ED8345FB}"
EndProject
Global
	GlobalSection(SolutionConfigurationPlatforms) = preSolution
		Debug|Any CPU = Debug|Any CPU
		Release|Any CPU = Release|Any CPU
	EndGlobalSection
	GlobalSection(ProjectConfigurationPlatforms) = postSolution
		{ED537C95-575C-7F61-56EE-0D10ED8345FB}.Debug|Any CPU.ActiveCfg = Debug|Any CPU
		{ED537C95-575C-7F61-56EE-0D10ED8345FB}.Debug|Any CPU.Build.0 = Debug|Any CPU
		{ED537C95-575C-7F61-56EE-0D10ED8345FB}.Release|Any CPU.ActiveCfg = Release|Any CPU
		{ED537C95-575C-7F61-56EE-0D10ED8345FB}.Release|Any CPU.Build.0 = Release|Any CPU
	EndGlobalSection
	GlobalSection(SolutionProperties) = preSolution
		HideSolutionNode = FALSE
	EndGlobalSection
EndGlobal
