
Microsoft Visual Studio Solution File, Format Version 12.00
# Visual Studio 2017
Project("{FAE04EC0-301F-11D3-BF4B-00C04F79EFBC}") = "Week13Build part 1", "Week13Build part 1.csproj", "{F62E3817-F081-DE30-A57D-93B674F05FEA}"
EndProject
Global
	GlobalSection(SolutionConfigurationPlatforms) = preSolution
		Debug|Any CPU = Debug|Any CPU
		Release|Any CPU = Release|Any CPU
	EndGlobalSection
	GlobalSection(ProjectConfigurationPlatforms) = postSolution
		{F62E3817-F081-DE30-A57D-93B674F05FEA}.Debug|Any CPU.ActiveCfg = Debug|Any CPU
		{F62E3817-F081-DE30-A57D-93B674F05FEA}.Debug|Any CPU.Build.0 = Debug|Any CPU
		{F62E3817-F081-DE30-A57D-93B674F05FEA}.Release|Any CPU.ActiveCfg = Release|Any CPU
		{F62E3817-F081-DE30-A57D-93B674F05FEA}.Release|Any CPU.Build.0 = Release|Any CPU
	EndGlobalSection
	GlobalSection(SolutionProperties) = preSolution
		HideSolutionNode = FALSE
	EndGlobalSection
EndGlobal
